<Solution>
  <Folder Name="/src/">
    <Project Path="projects/VoxelCrypt/src/VoxelCrypt.Core/Kernel/Kernel.csproj" />
    <Project Path="projects/VoxelCrypt/src/VoxelCrypt.Core/Service/Service.csproj" />
    <Project Path="projects/VoxelCrypt/src/VoxelCrypt.Auth/Kernel/Auth.Kernel.csproj" />
    <Project Path="projects/VoxelCrypt/src/VoxelCrypt.Auth/Service/Auth.Service.csproj" />
    <Project Path="projects/VoxelCrypt/src/VoxelCrypt.Gateway/Kernel/Gateway.Kernel.csproj" />
    <Project Path="projects/VoxelCrypt/src/VoxelCrypt.Gateway/Service/Gateway.Service.csproj" />
  </Folder>
  <Folder Name="/tests/">
    <Project Path="projects/VoxelCrypt/tests/VoxelCrypt.Core/Kernel.Tests/Kernel.Tests.csproj" />
    <Project Path="projects/VoxelCrypt/tests/VoxelCrypt.Core/Service.Tests/Service.Tests.csproj" />
    <Project Path="projects/VoxelCrypt/tests/VoxelCrypt.Auth/Kernel.Tests/Auth.Kernel.Tests.csproj" />
    <Project Path="projects/VoxelCrypt/tests/VoxelCrypt.Auth/Service.Tests/Auth.Service.Tests.csproj" />
    <Project Path="projects/VoxelCrypt/tests/VoxelCrypt.Gateway/Kernel.Tests/Gateway.Kernel.Tests.csproj" />
    <Project Path="projects/VoxelCrypt/tests/VoxelCrypt.Gateway/Service.Tests/Gateway.Service.Tests.csproj" />
  </Folder>
</Solution>
